
Microsoft Visual Studio Solution File, Format Version 12.00
# Visual Studio Version 17
VisualStudioVersion = 17.4.33110.190
MinimumVisualStudioVersion = 10.0.40219.1
Project("{FAE04EC0-301F-11D3-BF4B-00C04F79EFBC}") = "StockManagement", "StockManagement.csproj", "{2B110AF3-B4EF-4810-9B01-0C05BA99DC14}"
EndProject
Project("{2150E333-8FDC-42A3-9474-1A3956D46DE8}") = "Solution Items", "Solution Items", "{951CB91E-08E3-4EB7-BF8E-205C5108D3EB}"
	ProjectSection(SolutionItems) = preProject
		Customer.json = Customer.json
	EndProjectSection
EndProject
Global
	GlobalSection(SolutionConfigurationPlatforms) = preSolution
		Debug|Any CPU = Debug|Any CPU
		Release|Any CPU = Release|Any CPU
	EndGlobalSection
	GlobalSection(ProjectConfigurationPlatforms) = postSolution
		{2B110AF3-B4EF-4810-9B01-0C05BA99DC14}.Debug|Any CPU.ActiveCfg = Debug|Any CPU
		{2B110AF3-B4EF-4810-9B01-0C05BA99DC14}.Debug|Any CPU.Build.0 = Debug|Any CPU
		{2B110AF3-B4EF-4810-9B01-0C05BA99DC14}.Release|Any CPU.ActiveCfg = Release|Any CPU
		{2B110AF3-B4EF-4810-9B01-0C05BA99DC14}.Release|Any CPU.Build.0 = Release|Any CPU
	EndGlobalSection
	GlobalSection(SolutionProperties) = preSolution
		HideSolutionNode = FALSE
	EndGlobalSection
	GlobalSection(ExtensibilityGlobals) = postSolution
		SolutionGuid = {69225502-9148-4A85-92AC-FB7C58FA5A65}
	EndGlobalSection
EndGlobal
